
Microsoft Visual Studio Solution File, Format Version 12.00
# Visual Studio Version 16
VisualStudioVersion = 16.0.29020.237
MinimumVisualStudioVersion = 10.0.40219.1
Project("{FAE04EC0-301F-11D3-BF4B-00C04F79EFBC}") = "Bento.Core", "Bento.Core\Bento.Core.csproj", "{95A1D20A-1E09-436C-8228-E40CCAEC0AF2}"
EndProject
Project("{FAE04EC0-301F-11D3-BF4B-00C04F79EFBC}") = "Bento.Website", "Bento.Website\Bento.Website.csproj", "{A699D020-A019-4402-8B40-1DC07E21DD54}"
EndProject
Global
	GlobalSection(SolutionConfigurationPlatforms) = preSolution
		Debug|Any CPU = Debug|Any CPU
		Release|Any CPU = Release|Any CPU
	EndGlobalSection
	GlobalSection(ProjectConfigurationPlatforms) = postSolution
		{95A1D20A-1E09-436C-8228-E40CCAEC0AF2}.Debug|Any CPU.ActiveCfg = Debug|Any CPU
		{95A1D20A-1E09-436C-8228-E40CCAEC0AF2}.Debug|Any CPU.Build.0 = Debug|Any CPU
		{95A1D20A-1E09-436C-8228-E40CCAEC0AF2}.Release|Any CPU.ActiveCfg = Release|Any CPU
		{95A1D20A-1E09-436C-8228-E40CCAEC0AF2}.Release|Any CPU.Build.0 = Release|Any CPU
		{A699D020-A019-4402-8B40-1DC07E21DD54}.Debug|Any CPU.ActiveCfg = Debug|Any CPU
		{A699D020-A019-4402-8B40-1DC07E21DD54}.Debug|Any CPU.Build.0 = Debug|Any CPU
		{A699D020-A019-4402-8B40-1DC07E21DD54}.Release|Any CPU.ActiveCfg = Release|Any CPU
		{A699D020-A019-4402-8B40-1DC07E21DD54}.Release|Any CPU.Build.0 = Release|Any CPU
	EndGlobalSection
	GlobalSection(SolutionProperties) = preSolution
		HideSolutionNode = FALSE
	EndGlobalSection
	GlobalSection(ExtensibilityGlobals) = postSolution
		SolutionGuid = {2D8C71CB-A10D-485D-BF64-220ACE54ADE1}
	EndGlobalSection
EndGlobal
