
Microsoft Visual Studio Solution File, Format Version 12.00
# Visual Studio Version 16
VisualStudioVersion = 16.0.31410.357
MinimumVisualStudioVersion = 10.0.40219.1
Project("{9A19103F-16F7-4668-BE54-9A1E7A4F7556}") = "Bento.Website", "Bento.Website\Bento.Website.csproj", "{8C02121C-F14E-4C95-A935-2BE322B5E3D7}"
EndProject
Project("{9A19103F-16F7-4668-BE54-9A1E7A4F7556}") = "Bento.Core", "Bento.Core\Bento.Core.csproj", "{20006C22-5E83-43CC-8423-93AED8C5821A}"
EndProject
Project("{2150E333-8FDC-42A3-9474-1A3956D46DE8}") = "Build", "Build", "{0C6A4BF7-F01A-4CAA-A88D-A8DFC91322A5}"
	ProjectSection(SolutionItems) = preProject
		build-package.ps1 = build-package.ps1
		Directory.Build.props = Directory.Build.props
	EndProjectSection
EndProject
Project("{FAE04EC0-301F-11D3-BF4B-00C04F79EFBC}") = "Bento.Editor", "Bento.Editor\Bento.Editor.csproj", "{20E1AB4A-93DA-4F63-A3CF-964F97407496}"
EndProject
Global
	GlobalSection(SolutionConfigurationPlatforms) = preSolution
		Debug|Any CPU = Debug|Any CPU
		Release|Any CPU = Release|Any CPU
	EndGlobalSection
	GlobalSection(ProjectConfigurationPlatforms) = postSolution
		{8C02121C-F14E-4C95-A935-2BE322B5E3D7}.Debug|Any CPU.ActiveCfg = Debug|Any CPU
		{8C02121C-F14E-4C95-A935-2BE322B5E3D7}.Debug|Any CPU.Build.0 = Debug|Any CPU
		{8C02121C-F14E-4C95-A935-2BE322B5E3D7}.Release|Any CPU.ActiveCfg = Release|Any CPU
		{8C02121C-F14E-4C95-A935-2BE322B5E3D7}.Release|Any CPU.Build.0 = Release|Any CPU
		{20006C22-5E83-43CC-8423-93AED8C5821A}.Debug|Any CPU.ActiveCfg = Debug|Any CPU
		{20006C22-5E83-43CC-8423-93AED8C5821A}.Debug|Any CPU.Build.0 = Debug|Any CPU
		{20006C22-5E83-43CC-8423-93AED8C5821A}.Release|Any CPU.ActiveCfg = Release|Any CPU
		{20006C22-5E83-43CC-8423-93AED8C5821A}.Release|Any CPU.Build.0 = Release|Any CPU
		{20E1AB4A-93DA-4F63-A3CF-964F97407496}.Debug|Any CPU.ActiveCfg = Debug|Any CPU
		{20E1AB4A-93DA-4F63-A3CF-964F97407496}.Debug|Any CPU.Build.0 = Debug|Any CPU
		{20E1AB4A-93DA-4F63-A3CF-964F97407496}.Release|Any CPU.ActiveCfg = Release|Any CPU
		{20E1AB4A-93DA-4F63-A3CF-964F97407496}.Release|Any CPU.Build.0 = Release|Any CPU
	EndGlobalSection
	GlobalSection(SolutionProperties) = preSolution
		HideSolutionNode = FALSE
	EndGlobalSection
	GlobalSection(ExtensibilityGlobals) = postSolution
		SolutionGuid = {AE0244FC-03B7-41FE-8823-89578B3D2FE8}
	EndGlobalSection
EndGlobal
